
Microsoft Visual Studio Solution File, Format Version 12.00
# Visual Studio 15
VisualStudioVersion = 15.0.28307.489
MinimumVisualStudioVersion = 10.0.40219.1
Project("{FAE04EC0-301F-11D3-BF4B-00C04F79EFBC}") = "OCP", "OCP\OCP.csproj", "{AB42B559-7EA2-4AB2-80F2-7C47DC0C4BFD}"
EndProject
Global
	GlobalSection(SolutionConfigurationPlatforms) = preSolution
		Debug|Any CPU = Debug|Any CPU
		Release|Any CPU = Release|Any CPU
	EndGlobalSection
	GlobalSection(ProjectConfigurationPlatforms) = postSolution
		{AB42B559-7EA2-4AB2-80F2-7C47DC0C4BFD}.Debug|Any CPU.ActiveCfg = Debug|Any CPU
		{AB42B559-7EA2-4AB2-80F2-7C47DC0C4BFD}.Debug|Any CPU.Build.0 = Debug|Any CPU
		{AB42B559-7EA2-4AB2-80F2-7C47DC0C4BFD}.Release|Any CPU.ActiveCfg = Release|Any CPU
		{AB42B559-7EA2-4AB2-80F2-7C47DC0C4BFD}.Release|Any CPU.Build.0 = Release|Any CPU
	EndGlobalSection
	GlobalSection(SolutionProperties) = preSolution
		HideSolutionNode = FALSE
	EndGlobalSection
	GlobalSection(ExtensibilityGlobals) = postSolution
		SolutionGuid = {D54FE5E6-E58B-4C1F-8A7D-4022B838E14E}
	EndGlobalSection
EndGlobal
